
Microsoft Visual Studio Solution File, Format Version 12.00
# Visual Studio Version 17
VisualStudioVersion = 17.2.32630.192
MinimumVisualStudioVersion = 10.0.40219.1
Project("{FAE04EC0-301F-11D3-BF4B-00C04F79EFBC}") = "homework3.1", "homework3.1\homework3.1.csproj", "{9FF90A24-4ED2-438B-9C1B-680707B36D8B}"
EndProject
Global
	GlobalSection(SolutionConfigurationPlatforms) = preSolution
		Debug|Any CPU = Debug|Any CPU
		Release|Any CPU = Release|Any CPU
	EndGlobalSection
	GlobalSection(ProjectConfigurationPlatforms) = postSolution
		{9FF90A24-4ED2-438B-9C1B-680707B36D8B}.Debug|Any CPU.ActiveCfg = Debug|Any CPU
		{9FF90A24-4ED2-438B-9C1B-680707B36D8B}.Debug|Any CPU.Build.0 = Debug|Any CPU
		{9FF90A24-4ED2-438B-9C1B-680707B36D8B}.Release|Any CPU.ActiveCfg = Release|Any CPU
		{9FF90A24-4ED2-438B-9C1B-680707B36D8B}.Release|Any CPU.Build.0 = Release|Any CPU
	EndGlobalSection
	GlobalSection(SolutionProperties) = preSolution
		HideSolutionNode = FALSE
	EndGlobalSection
	GlobalSection(ExtensibilityGlobals) = postSolution
		SolutionGuid = {6A7D24C1-8AEB-4BD9-A739-6B5EE775A579}
	EndGlobalSection
EndGlobal
